# This file is automatically @generated by Cargo.
# It is not intended for manual editing.
version = 3

[[package]]
name = "byteorder"
version = "1.5.0"
source = "registry+https://github.com/rust-lang/crates.io-index"
checksum = "1fd0f2584146f6f2ef48085050886acf353beff7305ebd1ae69500e27c67f64b"

[[package]]
name = "cc"
version = "1.0.83"
source = "registry+https://github.com/rust-lang/crates.io-index"
checksum = "f1174fb0b6ec23863f8b971027804a42614e347eafb0a95bf0b12cdae21fc4d0"
dependencies = [
 "libc",
]

[[package]]
name = "either"
version = "1.10.0"
source = "registry+https://github.com/rust-lang/crates.io-index"
checksum = "11157ac094ffbdde99aa67b23417ebdd801842852b500e395a45a9c0aac03e4a"

[[package]]
name = "icmp-socket"
version = "0.2.0"
source = "registry+https://github.com/rust-lang/crates.io-index"
checksum = "98bc3daf82cd6b2f02709427c17f75e1023471f59bc74726bbd27d8a907af605"
dependencies = [
 "byteorder",
 "socket2 0.4.10",
]

[[package]]
name = "json"
version = "0.12.4"
source = "registry+https://github.com/rust-lang/crates.io-index"
checksum = "078e285eafdfb6c4b434e0d31e8cfcb5115b651496faca5749b88fafd4f23bfd"

[[package]]
name = "lazy_static"
version = "1.4.0"
source = "registry+https://github.com/rust-lang/crates.io-index"
checksum = "e2abad23fbc42b3700f2f279844dc832adb2b2eb069b2df918f455c4e18cc646"

[[package]]
name = "libc"
version = "0.2.152"
source = "registry+https://github.com/rust-lang/crates.io-index"
checksum = "13e3bf6590cbc649f4d1a3eefc9d5d6eb746f5200ffb04e5e142700b8faa56e7"

[[package]]
name = "local-ip-address"
version = "0.5.7"
source = "registry+https://github.com/rust-lang/crates.io-index"
checksum = "612ed4ea9ce5acfb5d26339302528a5e1e59dfed95e9e11af3c083236ff1d15d"
dependencies = [
 "libc",
 "neli",
 "thiserror",
 "windows-sys",
]

[[package]]
name = "log"
version = "0.4.20"
source = "registry+https://github.com/rust-lang/crates.io-index"
checksum = "b5e6163cb8c49088c2c36f57875e58ccd8c87c7427f7fbd50ea6710b2f3f2e8f"

[[package]]
name = "neli"
version = "0.6.4"
source = "registry+https://github.com/rust-lang/crates.io-index"
checksum = "1100229e06604150b3becd61a4965d5c70f3be1759544ea7274166f4be41ef43"
dependencies = [
 "byteorder",
 "libc",
 "log",
 "neli-proc-macros",
]

[[package]]
name = "neli-proc-macros"
version = "0.1.3"
source = "registry+https://github.com/rust-lang/crates.io-index"
checksum = "c168194d373b1e134786274020dae7fc5513d565ea2ebb9bc9ff17ffb69106d4"
dependencies = [
 "either",
 "proc-macro2",
 "quote",
 "serde",
 "syn 1.0.109",
]

[[package]]
name = "network-interface"
version = "1.1.1"
source = "registry+https://github.com/rust-lang/crates.io-index"
checksum = "0d68759ef97fe9c9e46f79ea8736c19f1d28992e24c8dc8ce86752918bfeaae7"
dependencies = [
 "cc",
 "libc",
 "thiserror",
 "winapi",
]

[[package]]
name = "proc-macro2"
version = "1.0.78"
source = "registry+https://github.com/rust-lang/crates.io-index"
checksum = "e2422ad645d89c99f8f3e6b88a9fdeca7fabeac836b1002371c4367c8f984aae"
dependencies = [
 "unicode-ident",
]

[[package]]
name = "quote"
version = "1.0.35"
source = "registry+https://github.com/rust-lang/crates.io-index"
checksum = "291ec9ab5efd934aaf503a6466c5d5251535d108ee747472c3977cc5acc868ef"
dependencies = [
 "proc-macro2",
]

[[package]]
name = "scanner"
version = "0.1.0"
dependencies = [
 "icmp-socket",
 "json",
 "lazy_static",
 "local-ip-address",
 "network-interface",
 "socket2 0.5.5",
]

[[package]]
name = "serde"
version = "1.0.196"
source = "registry+https://github.com/rust-lang/crates.io-index"
checksum = "870026e60fa08c69f064aa766c10f10b1d62db9ccd4d0abb206472bee0ce3b32"
dependencies = [
 "serde_derive",
]

[[package]]
name = "serde_derive"
version = "1.0.196"
source = "registry+https://github.com/rust-lang/crates.io-index"
checksum = "33c85360c95e7d137454dc81d9a4ed2b8efd8fbe19cee57357b32b9771fccb67"
dependencies = [
 "proc-macro2",
 "quote",
 "syn 2.0.48",
]

[[package]]
name = "socket2"
version = "0.4.10"
source = "registry+https://github.com/rust-lang/crates.io-index"
checksum = "9f7916fc008ca5542385b89a3d3ce689953c143e9304a9bf8beec1de48994c0d"
dependencies = [
 "libc",
 "winapi",
]

[[package]]
name = "socket2"
version = "0.5.5"
source = "registry+https://github.com/rust-lang/crates.io-index"
checksum = "7b5fac59a5cb5dd637972e5fca70daf0523c9067fcdc4842f053dae04a18f8e9"
dependencies = [
 "libc",
 "windows-sys",
]

[[package]]
name = "syn"
version = "1.0.109"
source = "registry+https://github.com/rust-lang/crates.io-index"
checksum = "72b64191b275b66ffe2469e8af2c1cfe3bafa67b529ead792a6d0160888b4237"
dependencies = [
 "proc-macro2",
 "quote",
 "unicode-ident",
]

[[package]]
name = "syn"
version = "2.0.48"
source = "registry+https://github.com/rust-lang/crates.io-index"
checksum = "0f3531638e407dfc0814761abb7c00a5b54992b849452a0646b7f65c9f770f3f"
dependencies = [
 "proc-macro2",
 "quote",
 "unicode-ident",
]

[[package]]
name = "thiserror"
version = "1.0.57"
source = "registry+https://github.com/rust-lang/crates.io-index"
checksum = "1e45bcbe8ed29775f228095caf2cd67af7a4ccf756ebff23a306bf3e8b47b24b"
dependencies = [
 "thiserror-impl",
]

[[package]]
name = "thiserror-impl"
version = "1.0.57"
source = "registry+https://github.com/rust-lang/crates.io-index"
checksum = "a953cb265bef375dae3de6663da4d3804eee9682ea80d8e2542529b73c531c81"
dependencies = [
 "proc-macro2",
 "quote",
 "syn 2.0.48",
]

[[package]]
name = "unicode-ident"
version = "1.0.12"
source = "registry+https://github.com/rust-lang/crates.io-index"
checksum = "3354b9ac3fae1ff6755cb6db53683adb661634f67557942dea4facebec0fee4b"

[[package]]
name = "winapi"
version = "0.3.9"
source = "registry+https://github.com/rust-lang/crates.io-index"
checksum = "5c839a674fcd7a98952e593242ea400abe93992746761e38641405d28b00f419"
dependencies = [
 "winapi-i686-pc-windows-gnu",
 "winapi-x86_64-pc-windows-gnu",
]

[[package]]
name = "winapi-i686-pc-windows-gnu"
version = "0.4.0"
source = "registry+https://github.com/rust-lang/crates.io-index"
checksum = "ac3b87c63620426dd9b991e5ce0329eff545bccbbb34f3be09ff6fb6ab51b7b6"

[[package]]
name = "winapi-x86_64-pc-windows-gnu"
version = "0.4.0"
source = "registry+https://github.com/rust-lang/crates.io-index"
checksum = "712e227841d057c1ee1cd2fb22fa7e5a5461ae8e48fa2ca79ec42cfc1931183f"

[[package]]
name = "windows-sys"
version = "0.48.0"
source = "registry+https://github.com/rust-lang/crates.io-index"
checksum = "677d2418bec65e3338edb076e806bc1ec15693c5d0104683f2efe857f61056a9"
dependencies = [
 "windows-targets",
]

[[package]]
name = "windows-targets"
version = "0.48.5"
source = "registry+https://github.com/rust-lang/crates.io-index"
checksum = "9a2fa6e2155d7247be68c096456083145c183cbbbc2764150dda45a87197940c"
dependencies = [
 "windows_aarch64_gnullvm",
 "windows_aarch64_msvc",
 "windows_i686_gnu",
 "windows_i686_msvc",
 "windows_x86_64_gnu",
 "windows_x86_64_gnullvm",
 "windows_x86_64_msvc",
]

[[package]]
name = "windows_aarch64_gnullvm"
version = "0.48.5"
source = "registry+https://github.com/rust-lang/crates.io-index"
checksum = "2b38e32f0abccf9987a4e3079dfb67dcd799fb61361e53e2882c3cbaf0d905d8"

[[package]]
name = "windows_aarch64_msvc"
version = "0.48.5"
source = "registry+https://github.com/rust-lang/crates.io-index"
checksum = "dc35310971f3b2dbbf3f0690a219f40e2d9afcf64f9ab7cc1be722937c26b4bc"

[[package]]
name = "windows_i686_gnu"
version = "0.48.5"
source = "registry+https://github.com/rust-lang/crates.io-index"
checksum = "a75915e7def60c94dcef72200b9a8e58e5091744960da64ec734a6c6e9b3743e"

[[package]]
name = "windows_i686_msvc"
version = "0.48.5"
source = "registry+https://github.com/rust-lang/crates.io-index"
checksum = "8f55c233f70c4b27f66c523580f78f1004e8b5a8b659e05a4eb49d4166cca406"

[[package]]
name = "windows_x86_64_gnu"
version = "0.48.5"
source = "registry+https://github.com/rust-lang/crates.io-index"
checksum = "53d40abd2583d23e4718fddf1ebec84dbff8381c07cae67ff7768bbf19c6718e"

[[package]]
name = "windows_x86_64_gnullvm"
version = "0.48.5"
source = "registry+https://github.com/rust-lang/crates.io-index"
checksum = "0b7b52767868a23d5bab768e390dc5f5c55825b6d30b86c844ff2dc7414044cc"

[[package]]
name = "windows_x86_64_msvc"
version = "0.48.5"
source = "registry+https://github.com/rust-lang/crates.io-index"
checksum = "ed94fce61571a4006852b7389a063ab983c02eb1bb37b47f8272ce92d06d9538"
